
Microsoft Visual Studio Solution File, Format Version 12.00
# Visual Studio Version 17
VisualStudioVersion = 17.13.35806.99 d17.13
MinimumVisualStudioVersion = 10.0.40219.1
Project("{FAE04EC0-301F-11D3-BF4B-00C04F79EFBC}") = "BTL_N6_ver3", "BTL_N6_ver3.csproj", "{787EABB8-23AA-45C5-ADE2-FCC552C2B52C}"
EndProject
Global
	GlobalSection(SolutionConfigurationPlatforms) = preSolution
		Debug|Any CPU = Debug|Any CPU
		Release|Any CPU = Release|Any CPU
	EndGlobalSection
	GlobalSection(ProjectConfigurationPlatforms) = postSolution
		{787EABB8-23AA-45C5-ADE2-FCC552C2B52C}.Debug|Any CPU.ActiveCfg = Debug|Any CPU
		{787EABB8-23AA-45C5-ADE2-FCC552C2B52C}.Debug|Any CPU.Build.0 = Debug|Any CPU
		{787EABB8-23AA-45C5-ADE2-FCC552C2B52C}.Release|Any CPU.ActiveCfg = Release|Any CPU
		{787EABB8-23AA-45C5-ADE2-FCC552C2B52C}.Release|Any CPU.Build.0 = Release|Any CPU
	EndGlobalSection
	GlobalSection(SolutionProperties) = preSolution
		HideSolutionNode = FALSE
	EndGlobalSection
	GlobalSection(ExtensibilityGlobals) = postSolution
		SolutionGuid = {F9663D7A-A6B7-4077-92E5-004BF1D10156}
	EndGlobalSection
EndGlobal
